
Microsoft Visual Studio Solution File, Format Version 12.00
# Visual Studio 15
VisualStudioVersion = 15.0.28307.1169
MinimumVisualStudioVersion = 10.0.40219.1
Project("{FAE04EC0-301F-11D3-BF4B-00C04F79EFBC}") = "ELQ V2", "ELQ V2\ELQ V2.csproj", "{5D0A15AB-C731-4A5A-9EB2-E8F6D1DBD963}"
EndProject
Global
	GlobalSection(SolutionConfigurationPlatforms) = preSolution
		Debug|Any CPU = Debug|Any CPU
		Release|Any CPU = Release|Any CPU
	EndGlobalSection
	GlobalSection(ProjectConfigurationPlatforms) = postSolution
		{5D0A15AB-C731-4A5A-9EB2-E8F6D1DBD963}.Debug|Any CPU.ActiveCfg = Debug|Any CPU
		{5D0A15AB-C731-4A5A-9EB2-E8F6D1DBD963}.Debug|Any CPU.Build.0 = Debug|Any CPU
		{5D0A15AB-C731-4A5A-9EB2-E8F6D1DBD963}.Release|Any CPU.ActiveCfg = Release|Any CPU
		{5D0A15AB-C731-4A5A-9EB2-E8F6D1DBD963}.Release|Any CPU.Build.0 = Release|Any CPU
	EndGlobalSection
	GlobalSection(SolutionProperties) = preSolution
		HideSolutionNode = FALSE
	EndGlobalSection
	GlobalSection(ExtensibilityGlobals) = postSolution
		SolutionGuid = {F7AFD7DD-F3A5-420E-9A13-F141263805BE}
	EndGlobalSection
EndGlobal
